{
  "nodes": {
    "nixpkgs": {
      "locked": {
        "lastModified": 1650194139,
        "narHash": "sha256-kurZsqeOw5fpqA/Ig+8tHvbjwzs5P9AE6WUKOX1m6qM=",
        "owner": "nixos",
        "repo": "nixpkgs",
        "rev": "bd4dffcdb7c577d74745bd1eff6230172bd176d5",
        "type": "github"
      },
      "original": {
        "owner": "nixos",
        "ref": "nixpkgs-unstable",
        "repo": "nixpkgs",
        "type": "github"
      }
    },
    "root": {
      "inputs": {
        "nixpkgs": "nixpkgs",
        "yants": "yants"
      }
    },
    "yants": {
      "inputs": {
        "nixpkgs": [
          "nixpkgs"
        ]
      },
      "locked": {
        "lastModified": 1645126146,
        "narHash": "sha256-XQ1eg4gzXoc7Tl8iXak1uCt3KnsTyxqPtLE+vOoDnrQ=",
        "owner": "divnix",
        "repo": "yants",
        "rev": "77df2be1b3cce9f571c6cf451f786b266a6869cc",
        "type": "github"
      },
      "original": {
        "owner": "divnix",
        "repo": "yants",
        "type": "github"
      }
    }
  },
  "root": "root",
  "version": 7
}
