{
  "nodes": {
    "blank": {
      "locked": {
        "lastModified": 1625557891,
        "narHash": "sha256-O8/MWsPBGhhyPoPLHZAuoZiiHo9q6FLlEeIDEXuj6T4=",
        "owner": "divnix",
        "repo": "blank",
        "rev": "5a5d2684073d9f563072ed07c871d577a6c614a8",
        "type": "github"
      },
      "original": {
        "owner": "divnix",
        "repo": "blank",
        "type": "github"
      }
    },
    "call-flake": {
      "locked": {
        "lastModified": 1687380775,
        "narHash": "sha256-bmhE1TmrJG4ba93l9WQTLuYM53kwGQAjYHRvHOeuxWU=",
        "owner": "divnix",
        "repo": "call-flake",
        "rev": "74061f6c241227cd05e79b702db9a300a2e4131a",
        "type": "github"
      },
      "original": {
        "owner": "divnix",
        "repo": "call-flake",
        "type": "github"
      }
    },
    "crane": {
      "inputs": {
        "flake-compat": "flake-compat",
        "flake-utils": "flake-utils",
        "nixpkgs": [
          "mdbook-paisano-preprocessor",
          "nixpkgs"
        ],
        "rust-overlay": "rust-overlay"
      },
      "locked": {
        "lastModified": 1676162383,
        "narHash": "sha256-krUCKdz7ebHlFYm/A7IbKDnj2ZmMMm3yIEQcooqm7+E=",
        "owner": "ipetkov",
        "repo": "crane",
        "rev": "6fb400ec631b22ccdbc7090b38207f7fb5cfb5f2",
        "type": "github"
      },
      "original": {
        "owner": "ipetkov",
        "repo": "crane",
        "type": "github"
      }
    },
    "dmerge": {
      "inputs": {
        "haumea": [
          "mdbook-paisano-preprocessor",
          "std",
          "haumea"
        ],
        "nixlib": [
          "mdbook-paisano-preprocessor",
          "std",
          "lib"
        ],
        "yants": [
          "mdbook-paisano-preprocessor",
          "std",
          "yants"
        ]
      },
      "locked": {
        "lastModified": 1686862774,
        "narHash": "sha256-ojGtRQ9pIOUrxsQEuEPerUkqIJEuod9hIflfNkY+9CE=",
        "owner": "divnix",
        "repo": "dmerge",
        "rev": "9f7f7a8349d33d7bd02e0f2b484b1f076e503a96",
        "type": "github"
      },
      "original": {
        "owner": "divnix",
        "ref": "0.2.1",
        "repo": "dmerge",
        "type": "github"
      }
    },
    "fenix": {
      "inputs": {
        "nixpkgs": "nixpkgs",
        "rust-analyzer-src": "rust-analyzer-src"
      },
      "locked": {
        "lastModified": 1677306201,
        "narHash": "sha256-VZ9x7qdTosFvVsrpgFHrtYfT6PU3yMIs7NRYn9ELapI=",
        "owner": "nix-community",
        "repo": "fenix",
        "rev": "0923f0c162f65ae40261ec940406049726cfeab4",
        "type": "github"
      },
      "original": {
        "owner": "nix-community",
        "repo": "fenix",
        "type": "github"
      }
    },
    "flake-compat": {
      "flake": false,
      "locked": {
        "lastModified": 1673956053,
        "narHash": "sha256-4gtG9iQuiKITOjNQQeQIpoIB6b16fm+504Ch3sNKLd8=",
        "owner": "edolstra",
        "repo": "flake-compat",
        "rev": "35bb57c0c8d8b62bbfd284272c928ceb64ddbde9",
        "type": "github"
      },
      "original": {
        "owner": "edolstra",
        "repo": "flake-compat",
        "type": "github"
      }
    },
    "flake-utils": {
      "locked": {
        "lastModified": 1667395993,
        "narHash": "sha256-nuEHfE/LcWyuSWnS8t12N1wc105Qtau+/OdUAjtQ0rA=",
        "owner": "numtide",
        "repo": "flake-utils",
        "rev": "5aed5285a952e0b949eb3ba02c12fa4fcfef535f",
        "type": "github"
      },
      "original": {
        "owner": "numtide",
        "repo": "flake-utils",
        "type": "github"
      }
    },
    "haumea": {
      "inputs": {
        "nixpkgs": [
          "mdbook-paisano-preprocessor",
          "std",
          "lib"
        ]
      },
      "locked": {
        "lastModified": 1685133229,
        "narHash": "sha256-FePm/Gi9PBSNwiDFq3N+DWdfxFq0UKsVVTJS3cQPn94=",
        "owner": "nix-community",
        "repo": "haumea",
        "rev": "34dd58385092a23018748b50f9b23de6266dffc2",
        "type": "github"
      },
      "original": {
        "owner": "nix-community",
        "ref": "v0.2.2",
        "repo": "haumea",
        "type": "github"
      }
    },
    "incl": {
      "inputs": {
        "nixlib": [
          "mdbook-paisano-preprocessor",
          "std",
          "lib"
        ]
      },
      "locked": {
        "lastModified": 1669263024,
        "narHash": "sha256-E/+23NKtxAqYG/0ydYgxlgarKnxmDbg6rCMWnOBqn9Q=",
        "owner": "divnix",
        "repo": "incl",
        "rev": "ce7bebaee048e4cd7ebdb4cee7885e00c4e2abca",
        "type": "github"
      },
      "original": {
        "owner": "divnix",
        "repo": "incl",
        "type": "github"
      }
    },
    "lib": {
      "locked": {
        "lastModified": 1694306727,
        "narHash": "sha256-26fkTOJOI65NOTNKFvtcJF9mzzf/kK9swHzfYt1Dl6Q=",
        "owner": "nix-community",
        "repo": "nixpkgs.lib",
        "rev": "c30b6a84c0b84ec7aecbe74466033facc9ed103f",
        "type": "github"
      },
      "original": {
        "owner": "nix-community",
        "repo": "nixpkgs.lib",
        "type": "github"
      }
    },
    "mdbook-paisano-preprocessor": {
      "inputs": {
        "crane": "crane",
        "devshell": [],
        "fenix": "fenix",
        "nixago": [],
        "nixpkgs": "nixpkgs_2",
        "std": "std"
      },
      "locked": {
        "lastModified": 1694819355,
        "narHash": "sha256-rUPXjsUNUjpd3c+2M0KtbMHrlZ1sDyAY6ASJZNk0TQE=",
        "owner": "paisano-nix",
        "repo": "mdbook-paisano-preprocessor",
        "rev": "f84fc450aaf4824b4d64d957349553c0f8acc243",
        "type": "github"
      },
      "original": {
        "owner": "paisano-nix",
        "repo": "mdbook-paisano-preprocessor",
        "type": "github"
      }
    },
    "nixpkgs": {
      "locked": {
        "lastModified": 1677063315,
        "narHash": "sha256-qiB4ajTeAOVnVSAwCNEEkoybrAlA+cpeiBxLobHndE8=",
        "owner": "nixos",
        "repo": "nixpkgs",
        "rev": "988cc958c57ce4350ec248d2d53087777f9e1949",
        "type": "github"
      },
      "original": {
        "owner": "nixos",
        "ref": "nixos-unstable",
        "repo": "nixpkgs",
        "type": "github"
      }
    },
    "nixpkgs_2": {
      "locked": {
        "lastModified": 1675940568,
        "narHash": "sha256-epG6pOT9V0kS+FUqd7R6/CWkgnZx2DMT5Veqo+y6G3c=",
        "owner": "nixos",
        "repo": "nixpkgs",
        "rev": "6ccc4a59c3f1b56d039d93da52696633e641bc71",
        "type": "github"
      },
      "original": {
        "owner": "nixos",
        "ref": "nixpkgs-unstable",
        "repo": "nixpkgs",
        "type": "github"
      }
    },
    "nosys": {
      "locked": {
        "lastModified": 1668010795,
        "narHash": "sha256-JBDVBnos8g0toU7EhIIqQ1If5m/nyBqtHhL3sicdPwI=",
        "owner": "divnix",
        "repo": "nosys",
        "rev": "feade0141487801c71ff55623b421ed535dbdefa",
        "type": "github"
      },
      "original": {
        "owner": "divnix",
        "repo": "nosys",
        "type": "github"
      }
    },
    "paisano": {
      "inputs": {
        "call-flake": "call-flake",
        "nixpkgs": [
          "mdbook-paisano-preprocessor",
          "std",
          "nixpkgs"
        ],
        "nosys": "nosys",
        "yants": [
          "mdbook-paisano-preprocessor",
          "std",
          "yants"
        ]
      },
      "locked": {
        "lastModified": 1693982790,
        "narHash": "sha256-WTZYlqGUjzzz/PSzcvjEZz2kkwYSXObjeQVrFBaqa2Y=",
        "owner": "paisano-nix",
        "repo": "core",
        "rev": "3e897a19418361ece34841105122ed4f9379ca96",
        "type": "github"
      },
      "original": {
        "owner": "paisano-nix",
        "repo": "core",
        "type": "github"
      }
    },
    "paisano-tui": {
      "flake": false,
      "locked": {
        "lastModified": 1694014205,
        "narHash": "sha256-u0+T6vMznzfjDMUd01ZXQsrQPMEhMjrQwUPTFsPBR1k=",
        "owner": "paisano-nix",
        "repo": "tui",
        "rev": "587ab9fd07bd969d59df73bfe527b5f8a4e752d1",
        "type": "github"
      },
      "original": {
        "owner": "paisano-nix",
        "ref": "0.2.0",
        "repo": "tui",
        "type": "github"
      }
    },
    "root": {
      "inputs": {
        "mdbook-paisano-preprocessor": "mdbook-paisano-preprocessor"
      }
    },
    "rust-analyzer-src": {
      "flake": false,
      "locked": {
        "lastModified": 1677221702,
        "narHash": "sha256-1M+58rC4eTCWNmmX0hQVZP20t3tfYNunl9D/PrGUyGE=",
        "owner": "rust-lang",
        "repo": "rust-analyzer",
        "rev": "f5401f620699b26ed9d47a1d2e838143a18dbe3b",
        "type": "github"
      },
      "original": {
        "owner": "rust-lang",
        "ref": "nightly",
        "repo": "rust-analyzer",
        "type": "github"
      }
    },
    "rust-overlay": {
      "inputs": {
        "flake-utils": [
          "mdbook-paisano-preprocessor",
          "crane",
          "flake-utils"
        ],
        "nixpkgs": [
          "mdbook-paisano-preprocessor",
          "crane",
          "nixpkgs"
        ]
      },
      "locked": {
        "lastModified": 1675391458,
        "narHash": "sha256-ukDKZw922BnK5ohL9LhwtaDAdCsJL7L6ScNEyF1lO9w=",
        "owner": "oxalica",
        "repo": "rust-overlay",
        "rev": "383a4acfd11d778d5c2efcf28376cbd845eeaedf",
        "type": "github"
      },
      "original": {
        "owner": "oxalica",
        "repo": "rust-overlay",
        "type": "github"
      }
    },
    "std": {
      "inputs": {
        "arion": [
          "mdbook-paisano-preprocessor",
          "std",
          "blank"
        ],
        "blank": "blank",
        "devshell": [
          "mdbook-paisano-preprocessor",
          "devshell"
        ],
        "dmerge": "dmerge",
        "haumea": "haumea",
        "incl": "incl",
        "lib": "lib",
        "makes": [
          "mdbook-paisano-preprocessor",
          "std",
          "blank"
        ],
        "microvm": [
          "mdbook-paisano-preprocessor",
          "std",
          "blank"
        ],
        "n2c": [
          "mdbook-paisano-preprocessor",
          "std",
          "blank"
        ],
        "nixago": [
          "mdbook-paisano-preprocessor",
          "nixago"
        ],
        "nixpkgs": [
          "mdbook-paisano-preprocessor",
          "nixpkgs"
        ],
        "paisano": "paisano",
        "paisano-tui": "paisano-tui",
        "terranix": [
          "mdbook-paisano-preprocessor",
          "std",
          "blank"
        ],
        "yants": "yants"
      },
      "locked": {
        "lastModified": 1694815542,
        "narHash": "sha256-VxKm6oq3GeVIhrhrCBTGIomxqesWmjsDiOeYiKmrzrY=",
        "owner": "divnix",
        "repo": "std",
        "rev": "0ce59ac671f041183da72e7cd5db9c6eb878e326",
        "type": "github"
      },
      "original": {
        "owner": "divnix",
        "repo": "std",
        "type": "github"
      }
    },
    "yants": {
      "inputs": {
        "nixpkgs": [
          "mdbook-paisano-preprocessor",
          "std",
          "lib"
        ]
      },
      "locked": {
        "lastModified": 1686863218,
        "narHash": "sha256-kooxYm3/3ornWtVBNHM3Zh020gACUyFX2G0VQXnB+mk=",
        "owner": "divnix",
        "repo": "yants",
        "rev": "8f0da0dba57149676aa4817ec0c880fbde7a648d",
        "type": "github"
      },
      "original": {
        "owner": "divnix",
        "repo": "yants",
        "type": "github"
      }
    }
  },
  "root": "root",
  "version": 7
}
